
Microsoft Visual Studio Solution File, Format Version 12.00
# Visual Studio Version 17
VisualStudioVersion = 17.0.31903.59
MinimumVisualStudioVersion = 10.0.40219.1
Project("{FAE04EC0-301F-11D3-BF4B-00C04F79EFBC}") = "API", "API\API.csproj", "{635EC7D7-6199-451B-B373-E2082E7378F9}"
EndProject
Project("{FAE04EC0-301F-11D3-BF4B-00C04F79EFBC}") = "Application", "Application\Application.csproj", "{8D9C409D-8616-4E7A-90D5-B05B16AA43EC}"
EndProject
Project("{FAE04EC0-301F-11D3-BF4B-00C04F79EFBC}") = "Domain", "Domain\Domain.csproj", "{95232658-B33B-4C2E-9123-441D119D20E1}"
EndProject
Project("{FAE04EC0-301F-11D3-BF4B-00C04F79EFBC}") = "Persistence", "Persistence\Persistence.csproj", "{47F0DA55-7257-463B-8A79-DB6AD2F40EFA}"
EndProject
Global
	GlobalSection(SolutionConfigurationPlatforms) = preSolution
		Debug|Any CPU = Debug|Any CPU
		Release|Any CPU = Release|Any CPU
	EndGlobalSection
	GlobalSection(SolutionProperties) = preSolution
		HideSolutionNode = FALSE
	EndGlobalSection
	GlobalSection(ProjectConfigurationPlatforms) = postSolution
		{635EC7D7-6199-451B-B373-E2082E7378F9}.Debug|Any CPU.ActiveCfg = Debug|Any CPU
		{635EC7D7-6199-451B-B373-E2082E7378F9}.Debug|Any CPU.Build.0 = Debug|Any CPU
		{635EC7D7-6199-451B-B373-E2082E7378F9}.Release|Any CPU.ActiveCfg = Release|Any CPU
		{635EC7D7-6199-451B-B373-E2082E7378F9}.Release|Any CPU.Build.0 = Release|Any CPU
		{8D9C409D-8616-4E7A-90D5-B05B16AA43EC}.Debug|Any CPU.ActiveCfg = Debug|Any CPU
		{8D9C409D-8616-4E7A-90D5-B05B16AA43EC}.Debug|Any CPU.Build.0 = Debug|Any CPU
		{8D9C409D-8616-4E7A-90D5-B05B16AA43EC}.Release|Any CPU.ActiveCfg = Release|Any CPU
		{8D9C409D-8616-4E7A-90D5-B05B16AA43EC}.Release|Any CPU.Build.0 = Release|Any CPU
		{95232658-B33B-4C2E-9123-441D119D20E1}.Debug|Any CPU.ActiveCfg = Debug|Any CPU
		{95232658-B33B-4C2E-9123-441D119D20E1}.Debug|Any CPU.Build.0 = Debug|Any CPU
		{95232658-B33B-4C2E-9123-441D119D20E1}.Release|Any CPU.ActiveCfg = Release|Any CPU
		{95232658-B33B-4C2E-9123-441D119D20E1}.Release|Any CPU.Build.0 = Release|Any CPU
		{47F0DA55-7257-463B-8A79-DB6AD2F40EFA}.Debug|Any CPU.ActiveCfg = Debug|Any CPU
		{47F0DA55-7257-463B-8A79-DB6AD2F40EFA}.Debug|Any CPU.Build.0 = Debug|Any CPU
		{47F0DA55-7257-463B-8A79-DB6AD2F40EFA}.Release|Any CPU.ActiveCfg = Release|Any CPU
		{47F0DA55-7257-463B-8A79-DB6AD2F40EFA}.Release|Any CPU.Build.0 = Release|Any CPU
	EndGlobalSection
EndGlobal
